
Microsoft Visual Studio Solution File, Format Version 12.00
# Visual Studio 15
VisualStudioVersion = 15.0.27703.2000
MinimumVisualStudioVersion = 10.0.40219.1
Project("{9A19103F-16F7-4668-BE54-9A1E7A4F7556}") = "BD", "BD\BD.csproj", "{420F3B63-E020-49EC-8E90-3BF71BD0EDD4}"
EndProject
Project("{9A19103F-16F7-4668-BE54-9A1E7A4F7556}") = "BE", "BE\BE.csproj", "{92D4BEC7-65D8-4574-BC7F-90F832EA9027}"
EndProject
Project("{9A19103F-16F7-4668-BE54-9A1E7A4F7556}") = "BL", "BL\BL.csproj", "{D2E69BC0-3CCD-4AF6-940F-39EEFCC37C58}"
EndProject
Global
	GlobalSection(SolutionConfigurationPlatforms) = preSolution
		Debug|Any CPU = Debug|Any CPU
		Release|Any CPU = Release|Any CPU
	EndGlobalSection
	GlobalSection(ProjectConfigurationPlatforms) = postSolution
		{420F3B63-E020-49EC-8E90-3BF71BD0EDD4}.Debug|Any CPU.ActiveCfg = Debug|Any CPU
		{420F3B63-E020-49EC-8E90-3BF71BD0EDD4}.Debug|Any CPU.Build.0 = Debug|Any CPU
		{420F3B63-E020-49EC-8E90-3BF71BD0EDD4}.Release|Any CPU.ActiveCfg = Release|Any CPU
		{420F3B63-E020-49EC-8E90-3BF71BD0EDD4}.Release|Any CPU.Build.0 = Release|Any CPU
		{92D4BEC7-65D8-4574-BC7F-90F832EA9027}.Debug|Any CPU.ActiveCfg = Debug|Any CPU
		{92D4BEC7-65D8-4574-BC7F-90F832EA9027}.Debug|Any CPU.Build.0 = Debug|Any CPU
		{92D4BEC7-65D8-4574-BC7F-90F832EA9027}.Release|Any CPU.ActiveCfg = Release|Any CPU
		{92D4BEC7-65D8-4574-BC7F-90F832EA9027}.Release|Any CPU.Build.0 = Release|Any CPU
		{D2E69BC0-3CCD-4AF6-940F-39EEFCC37C58}.Debug|Any CPU.ActiveCfg = Debug|Any CPU
		{D2E69BC0-3CCD-4AF6-940F-39EEFCC37C58}.Debug|Any CPU.Build.0 = Debug|Any CPU
		{D2E69BC0-3CCD-4AF6-940F-39EEFCC37C58}.Release|Any CPU.ActiveCfg = Release|Any CPU
		{D2E69BC0-3CCD-4AF6-940F-39EEFCC37C58}.Release|Any CPU.Build.0 = Release|Any CPU
	EndGlobalSection
	GlobalSection(SolutionProperties) = preSolution
		HideSolutionNode = FALSE
	EndGlobalSection
	GlobalSection(ExtensibilityGlobals) = postSolution
		SolutionGuid = {200776CF-E3CF-4A50-A093-D82F612C914D}
	EndGlobalSection
EndGlobal
